{
  "name": "safecircle",
  "version": "1.0.0",
  "lockfileVersion": 3,
  "requires": true,
  "packages": {
    "": {
      "name": "safecircle",
      "version": "1.0.0",
      "dependencies": {
        "leaflet": "^1.9.4",
        "react": "^18.2.0",
        "react-dom": "^18.2.0",
        "react-leaflet": "^4.2.1",
        "react-router-dom": "^6.30.1",
        "react-scripts": "^0.0.0",
        "web-vitals": "^3.1.1",
        "workbox-background-sync": "^6.5.4",
        "workbox-broadcast-update": "^6.5.4",
        "workbox-cacheable-response": "^6.5.4",
        "workbox-core": "^6.5.4",
        "workbox-expiration": "^6.5.4",
        "workbox-google-analytics": "^6.5.4",
        "workbox-navigation-preload": "^6.5.4",
        "workbox-precaching": "^6.5.4",
        "workbox-range-requests": "^6.5.4",
        "workbox-routing": "^6.5.4",
        "workbox-strategies": "^6.5.4",
        "workbox-streams": "^6.5.4"
      }
    },
    "node_modules/@react-leaflet/core": {
      "version": "2.1.0",
      "resolved": "https://registry.npmjs.org/@react-leaflet/core/-/core-2.1.0.tgz",
      "integrity": "sha512-Qk7Pfu8BSarKGqILj4x7bCSZ1pjuAPZ+qmRwH5S7mDS91VSbVVsJSrW4qA+GPrro8t69gFYVMWb1Zc4yFmPiVg==",
      "license": "Hippocratic-2.1",
      "peerDependencies": {
        "leaflet": "^1.9.0",
        "react": "^18.0.0",
        "react-dom": "^18.0.0"
      }
    },
    "node_modules/@remix-run/router": {
      "version": "1.23.0",
      "resolved": "https://registry.npmjs.org/@remix-run/router/-/router-1.23.0.tgz",
      "integrity": "sha512-O3rHJzAQKamUz1fvE0Qaw0xSFqsA/yafi2iqeE0pvdFtCO1viYx8QL6f3Ln/aCCTLxs68SLf0KPM9eSeM8yBnA==",
      "license": "MIT",
      "engines": {
        "node": ">=14.0.0"
      }
    },
    "node_modules/idb": {
      "version": "7.1.1",
      "resolved": "https://registry.npmjs.org/idb/-/idb-7.1.1.tgz",
      "integrity": "sha512-gchesWBzyvGHRO9W8tzUWFDycow5gwjvFKfyV9FF32Y7F50yZMp7mP+T2mJIWFx49zicqyC4uefHM17o6xKIVQ==",
      "license": "ISC"
    },
    "node_modules/js-tokens": {
      "version": "4.0.0",
      "resolved": "https://registry.npmjs.org/js-tokens/-/js-tokens-4.0.0.tgz",
      "integrity": "sha512-RdJUflcE3cUzKiMqQgsCu06FPu9UdIJO0beYbPhHN4k6apgJtifcoCtT9bcxOpYBtpD2kCM6Sbzg4CausW/PKQ==",
      "license": "MIT"
    },
    "node_modules/leaflet": {
      "version": "1.9.4",
      "resolved": "https://registry.npmjs.org/leaflet/-/leaflet-1.9.4.tgz",
      "integrity": "sha512-nxS1ynzJOmOlHp+iL3FyWqK89GtNL8U8rvlMOsQdTTssxZwCXh8N2NB3GDQOL+YR3XnWyZAxwQixURb+FA74PA==",
      "license": "BSD-2-Clause"
    },
    "node_modules/loose-envify": {
      "version": "1.4.0",
      "resolved": "https://registry.npmjs.org/loose-envify/-/loose-envify-1.4.0.tgz",
      "integrity": "sha512-lyuxPGr/Wfhrlem2CL/UcnUc1zcqKAImBDzukY7Y5F/yQiNdko6+fRLevlw1HgMySw7f611UIY408EtxRSoK3Q==",
      "license": "MIT",
      "dependencies": {
        "js-tokens": "^3.0.0 || ^4.0.0"
      },
      "bin": {
        "loose-envify": "cli.js"
      }
    },
    "node_modules/react": {
      "version": "18.3.1",
      "resolved": "https://registry.npmjs.org/react/-/react-18.3.1.tgz",
      "integrity": "sha512-wS+hAgJShR0KhEvPJArfuPVN1+Hz1t0Y6n5jLrGQbkb4urgPE/0Rve+1kMB1v/oWgHgm4WIcV+i7F2pTVj+2iQ==",
      "license": "MIT",
      "dependencies": {
        "loose-envify": "^1.1.0"
      },
      "engines": {
        "node": ">=0.10.0"
      }
    },
    "node_modules/react-dom": {
      "version": "18.3.1",
      "resolved": "https://registry.npmjs.org/react-dom/-/react-dom-18.3.1.tgz",
      "integrity": "sha512-5m4nQKp+rZRb09LNH59GM4BxTh9251/ylbKIbpe7TpGxfJ+9kv6BLkLBXIjjspbgbnIBNqlI23tRnTWT0snUIw==",
      "license": "MIT",
      "dependencies": {
        "loose-envify": "^1.1.0",
        "scheduler": "^0.23.2"
      },
      "peerDependencies": {
        "react": "^18.3.1"
      }
    },
    "node_modules/react-leaflet": {
      "version": "4.2.1",
      "resolved": "https://registry.npmjs.org/react-leaflet/-/react-leaflet-4.2.1.tgz",
      "integrity": "sha512-p9chkvhcKrWn/H/1FFeVSqLdReGwn2qmiobOQGO3BifX+/vV/39qhY8dGqbdcPh1e6jxh/QHriLXr7a4eLFK4Q==",
      "license": "Hippocratic-2.1",
      "dependencies": {
        "@react-leaflet/core": "^2.1.0"
      },
      "peerDependencies": {
        "leaflet": "^1.9.0",
        "react": "^18.0.0",
        "react-dom": "^18.0.0"
      }
    },
    "node_modules/react-router": {
      "version": "6.30.1",
      "resolved": "https://registry.npmjs.org/react-router/-/react-router-6.30.1.tgz",
      "integrity": "sha512-X1m21aEmxGXqENEPG3T6u0Th7g0aS4ZmoNynhbs+Cn+q+QGTLt+d5IQ2bHAXKzKcxGJjxACpVbnYQSCRcfxHlQ==",
      "license": "MIT",
      "dependencies": {
        "@remix-run/router": "1.23.0"
      },
      "engines": {
        "node": ">=14.0.0"
      },
      "peerDependencies": {
        "react": ">=16.8"
      }
    },
    "node_modules/react-router-dom": {
      "version": "6.30.1",
      "resolved": "https://registry.npmjs.org/react-router-dom/-/react-router-dom-6.30.1.tgz",
      "integrity": "sha512-llKsgOkZdbPU1Eg3zK8lCn+sjD9wMRZZPuzmdWWX5SUs8OFkN5HnFVC0u5KMeMaC9aoancFI/KoLuKPqN+hxHw==",
      "license": "MIT",
      "dependencies": {
        "@remix-run/router": "1.23.0",
        "react-router": "6.30.1"
      },
      "engines": {
        "node": ">=14.0.0"
      },
      "peerDependencies": {
        "react": ">=16.8",
        "react-dom": ">=16.8"
      }
    },
    "node_modules/react-scripts": {
      "version": "0.0.0",
      "resolved": "https://registry.npmjs.org/react-scripts/-/react-scripts-0.0.0.tgz",
      "integrity": "sha512-W7cVfdhbIvYrTjVaryO7WCpvzODu8V7JH/1O36RcfuzP3Cxjp5WpX5ycaoGt0LSQpntrem5jFSUoJrtvru1reA=="
    },
    "node_modules/scheduler": {
      "version": "0.23.2",
      "resolved": "https://registry.npmjs.org/scheduler/-/scheduler-0.23.2.tgz",
      "integrity": "sha512-UOShsPwz7NrMUqhR6t0hWjFduvOzbtv7toDH1/hIrfRNIDBnnBWd0CwJTGvTpngVlmwGCdP9/Zl/tVrDqcuYzQ==",
      "license": "MIT",
      "dependencies": {
        "loose-envify": "^1.1.0"
      }
    },
    "node_modules/web-vitals": {
      "version": "3.5.2",
      "resolved": "https://registry.npmjs.org/web-vitals/-/web-vitals-3.5.2.tgz",
      "integrity": "sha512-c0rhqNcHXRkY/ogGDJQxZ9Im9D19hDihbzSQJrsioex+KnFgmMzBiy57Z1EjkhX/+OjyBpclDCzz2ITtjokFmg==",
      "license": "Apache-2.0"
    },
    "node_modules/workbox-background-sync": {
      "version": "6.6.1",
      "resolved": "https://registry.npmjs.org/workbox-background-sync/-/workbox-background-sync-6.6.1.tgz",
      "integrity": "sha512-trJd3ovpWCvzu4sW0E8rV3FUyIcC0W8G+AZ+VcqzzA890AsWZlUGOTSxIMmIHVusUw/FDq1HFWfy/kC/WTRqSg==",
      "deprecated": "this package has been deprecated",
      "license": "MIT",
      "dependencies": {
        "idb": "^7.0.1",
        "workbox-core": "6.6.1"
      }
    },
    "node_modules/workbox-background-sync/node_modules/workbox-core": {
      "version": "6.6.1",
      "resolved": "https://registry.npmjs.org/workbox-core/-/workbox-core-6.6.1.tgz",
      "integrity": "sha512-ZrGBXjjaJLqzVothoE12qTbVnOAjFrHDXpZe7coCb6q65qI/59rDLwuFMO4PcZ7jcbxY+0+NhUVztzR/CbjEFw==",
      "deprecated": "this package has been deprecated",
      "license": "MIT"
    },
    "node_modules/workbox-broadcast-update": {
      "version": "6.6.0",
      "resolved": "https://registry.npmjs.org/workbox-broadcast-update/-/workbox-broadcast-update-6.6.0.tgz",
      "integrity": "sha512-nm+v6QmrIFaB/yokJmQ/93qIJ7n72NICxIwQwe5xsZiV2aI93MGGyEyzOzDPVz5THEr5rC3FJSsO3346cId64Q==",
      "license": "MIT",
      "dependencies": {
        "workbox-core": "6.6.0"
      }
    },
    "node_modules/workbox-cacheable-response": {
      "version": "6.5.4",
      "resolved": "https://registry.npmjs.org/workbox-cacheable-response/-/workbox-cacheable-response-6.5.4.tgz",
      "integrity": "sha512-DCR9uD0Fqj8oB2TSWQEm1hbFs/85hXXoayVwFKLVuIuxwJaihBsLsp4y7J9bvZbqtPJ1KlCkmYVGQKrBU4KAug==",
      "license": "MIT",
      "dependencies": {
        "workbox-core": "6.5.4"
      }
    },
    "node_modules/workbox-cacheable-response/node_modules/workbox-core": {
      "version": "6.5.4",
      "resolved": "https://registry.npmjs.org/workbox-core/-/workbox-core-6.5.4.tgz",
      "integrity": "sha512-OXYb+m9wZm8GrORlV2vBbE5EC1FKu71GGp0H4rjmxmF4/HLbMCoTFws87M3dFwgpmg0v00K++PImpNQ6J5NQ6Q==",
      "license": "MIT"
    },
    "node_modules/workbox-core": {
      "version": "6.6.0",
      "resolved": "https://registry.npmjs.org/workbox-core/-/workbox-core-6.6.0.tgz",
      "integrity": "sha512-GDtFRF7Yg3DD859PMbPAYPeJyg5gJYXuBQAC+wyrWuuXgpfoOrIQIvFRZnQ7+czTIQjIr1DhLEGFzZanAT/3bQ==",
      "license": "MIT"
    },
    "node_modules/workbox-expiration": {
      "version": "6.6.0",
      "resolved": "https://registry.npmjs.org/workbox-expiration/-/workbox-expiration-6.6.0.tgz",
      "integrity": "sha512-baplYXcDHbe8vAo7GYvyAmlS4f6998Jff513L4XvlzAOxcl8F620O91guoJ5EOf5qeXG4cGdNZHkkVAPouFCpw==",
      "license": "MIT",
      "dependencies": {
        "idb": "^7.0.1",
        "workbox-core": "6.6.0"
      }
    },
    "node_modules/workbox-google-analytics": {
      "version": "6.6.1",
      "resolved": "https://registry.npmjs.org/workbox-google-analytics/-/workbox-google-analytics-6.6.1.tgz",
      "integrity": "sha512-1TjSvbFSLmkpqLcBsF7FuGqqeDsf+uAXO/pjiINQKg3b1GN0nBngnxLcXDYo1n/XxK4N7RaRrpRlkwjY/3ocuA==",
      "deprecated": "It is not compatible with newer versions of GA starting with v4, as long as you are using GAv3 it should be ok, but the package is not longer being maintained",
      "license": "MIT",
      "dependencies": {
        "workbox-background-sync": "6.6.1",
        "workbox-core": "6.6.1",
        "workbox-routing": "6.6.1",
        "workbox-strategies": "6.6.1"
      }
    },
    "node_modules/workbox-google-analytics/node_modules/workbox-core": {
      "version": "6.6.1",
      "resolved": "https://registry.npmjs.org/workbox-core/-/workbox-core-6.6.1.tgz",
      "integrity": "sha512-ZrGBXjjaJLqzVothoE12qTbVnOAjFrHDXpZe7coCb6q65qI/59rDLwuFMO4PcZ7jcbxY+0+NhUVztzR/CbjEFw==",
      "deprecated": "this package has been deprecated",
      "license": "MIT"
    },
    "node_modules/workbox-google-analytics/node_modules/workbox-routing": {
      "version": "6.6.1",
      "resolved": "https://registry.npmjs.org/workbox-routing/-/workbox-routing-6.6.1.tgz",
      "integrity": "sha512-j4ohlQvfpVdoR8vDYxTY9rA9VvxTHogkIDwGdJ+rb2VRZQ5vt1CWwUUZBeD/WGFAni12jD1HlMXvJ8JS7aBWTg==",
      "deprecated": "this package has been deprecated",
      "license": "MIT",
      "dependencies": {
        "workbox-core": "6.6.1"
      }
    },
    "node_modules/workbox-google-analytics/node_modules/workbox-strategies": {
      "version": "6.6.1",
      "resolved": "https://registry.npmjs.org/workbox-strategies/-/workbox-strategies-6.6.1.tgz",
      "integrity": "sha512-WQLXkRnsk4L81fVPkkgon1rZNxnpdO5LsO+ws7tYBC6QQQFJVI6v98klrJEjFtZwzw/mB/HT5yVp7CcX0O+mrw==",
      "deprecated": "this package has been deprecated",
      "license": "MIT",
      "dependencies": {
        "workbox-core": "6.6.1"
      }
    },
    "node_modules/workbox-navigation-preload": {
      "version": "6.6.0",
      "resolved": "https://registry.npmjs.org/workbox-navigation-preload/-/workbox-navigation-preload-6.6.0.tgz",
      "integrity": "sha512-utNEWG+uOfXdaZmvhshrh7KzhDu/1iMHyQOV6Aqup8Mm78D286ugu5k9MFD9SzBT5TcwgwSORVvInaXWbvKz9Q==",
      "license": "MIT",
      "dependencies": {
        "workbox-core": "6.6.0"
      }
    },
    "node_modules/workbox-precaching": {
      "version": "6.6.0",
      "resolved": "https://registry.npmjs.org/workbox-precaching/-/workbox-precaching-6.6.0.tgz",
      "integrity": "sha512-eYu/7MqtRZN1IDttl/UQcSZFkHP7dnvr/X3Vn6Iw6OsPMruQHiVjjomDFCNtd8k2RdjLs0xiz9nq+t3YVBcWPw==",
      "license": "MIT",
      "dependencies": {
        "workbox-core": "6.6.0",
        "workbox-routing": "6.6.0",
        "workbox-strategies": "6.6.0"
      }
    },
    "node_modules/workbox-range-requests": {
      "version": "6.6.0",
      "resolved": "https://registry.npmjs.org/workbox-range-requests/-/workbox-range-requests-6.6.0.tgz",
      "integrity": "sha512-V3aICz5fLGq5DpSYEU8LxeXvsT//mRWzKrfBOIxzIdQnV/Wj7R+LyJVTczi4CQ4NwKhAaBVaSujI1cEjXW+hTw==",
      "license": "MIT",
      "dependencies": {
        "workbox-core": "6.6.0"
      }
    },
    "node_modules/workbox-routing": {
      "version": "6.6.0",
      "resolved": "https://registry.npmjs.org/workbox-routing/-/workbox-routing-6.6.0.tgz",
      "integrity": "sha512-x8gdN7VDBiLC03izAZRfU+WKUXJnbqt6PG9Uh0XuPRzJPpZGLKce/FkOX95dWHRpOHWLEq8RXzjW0O+POSkKvw==",
      "license": "MIT",
      "dependencies": {
        "workbox-core": "6.6.0"
      }
    },
    "node_modules/workbox-strategies": {
      "version": "6.6.0",
      "resolved": "https://registry.npmjs.org/workbox-strategies/-/workbox-strategies-6.6.0.tgz",
      "integrity": "sha512-eC07XGuINAKUWDnZeIPdRdVja4JQtTuc35TZ8SwMb1ztjp7Ddq2CJ4yqLvWzFWGlYI7CG/YGqaETntTxBGdKgQ==",
      "license": "MIT",
      "dependencies": {
        "workbox-core": "6.6.0"
      }
    },
    "node_modules/workbox-streams": {
      "version": "6.6.0",
      "resolved": "https://registry.npmjs.org/workbox-streams/-/workbox-streams-6.6.0.tgz",
      "integrity": "sha512-rfMJLVvwuED09CnH1RnIep7L9+mj4ufkTyDPVaXPKlhi9+0czCu+SJggWCIFbPpJaAZmp2iyVGLqS3RUmY3fxg==",
      "license": "MIT",
      "dependencies": {
        "workbox-core": "6.6.0",
        "workbox-routing": "6.6.0"
      }
    }
  }
}
